github.com/icza/bitio v1.1.0 h1:ysX4vtldjdi3Ygai5m1cWy4oLkhWTAi+SyO6HC8L9T0=
github.com/icza/bitio v1.1.0/go.mod h1:0jGnlLAx8MKMr9VGnn/4YrvZiprkvBelsVIbA9Jjr9A=
github.com/icza/mighty v0.0.0-20180919140131-cfd07d671de6/go.mod h1:xQig96I1VNBDIWGCdTt54nHt6EeI639SmHycLYL7FkA=
github.com/potterxu/bitreader v0.0.2 h1:oFOXpMwuatGrIY6pmBAQRpwt1lRWfINOtU+XT03/eTc=
github.com/potterxu/bitreader v0.0.2/go.mod h1:zvQewWmu5YxT6gjvCjlpziVv3S/CTHMeRqo+pcgROmo=
github.com/psampaz/slice v0.2.0 h1:QmWgx8ROo3Iz1RuumrKOlObLp2yqahs73pXZ3QsYCME=
github.com/psampaz/slice v0.2.0/go.mod h1:WzQrs9ppHnGp88hQSh4RjJ7i0bGBv8/nNBPBi5itkYc=
